// !$*UTF8*$!
{
	archiveVersion = 1;
	classes = {
	};
	objectVersion = 77;
	objects = {

/* Begin PBXContainerItemProxy section */
		687FF4C82E36FD2800192349 /* PBXContainerItemProxy */ = {
			isa = PBXContainerItemProxy;
			containerPortal = 687FF4B22E36FD2600192349 /* Project object */;
			proxyType = 1;
			remoteGlobalIDString = 687FF4B92E36FD2600192349;
			remoteInfo = GitHubClientApp;
		};
		687FF4D22E36FD2800192349 /* PBXContainerItemProxy */ = {
			isa = PBXContainerItemProxy;
			containerPortal = 687FF4B22E36FD2600192349 /* Project object */;
			proxyType = 1;
			remoteGlobalIDString = 687FF4B92E36FD2600192349;
			remoteInfo = GitHubClientApp;
		};
/* End PBXContainerItemProxy section */

/* Begin PBXFileReference section */
		687FF4BA2E36FD2600192349 /* GitHubClientApp.app */ = {isa = PBXFileReference; explicitFileType = wrapper.application; includeInIndex = 0; path = GitHubClientApp.app; sourceTree = BUILT_PRODUCTS_DIR; };
		687FF4C72E36FD2800192349 /* GitHubClientAppTests.xctest */ = {isa = PBXFileReference; explicitFileType = wrapper.cfbundle; includeInIndex = 0; path = GitHubClientAppTests.xctest; sourceTree = BUILT_PRODUCTS_DIR; };
		687FF4D12E36FD2800192349 /* GitHubClientAppUITests.xctest */ = {isa = PBXFileReference; explicitFileType = wrapper.cfbundle; includeInIndex = 0; path = GitHubClientAppUITests.xctest; sourceTree = BUILT_PRODUCTS_DIR; };
/* End PBXFileReference section */

/* Begin PBXFileSystemSynchronizedRootGroup section */
		687FF4BC2E36FD2600192349 /* GitHubClientApp */ = {
			isa = PBXFileSystemSynchronizedRootGroup;
			path = GitHubClientApp;
			sourceTree = "<group>";
		};
		687FF4CA2E36FD2800192349 /* GitHubClientAppTests */ = {
			isa = PBXFileSystemSynchronizedRootGroup;
			path = GitHubClientAppTests;
			sourceTree = "<group>";
		};
		687FF4D42E36FD2800192349 /* GitHubClientAppUITests */ = {
			isa = PBXFileSystemSynchronizedRootGroup;
			path = GitHubClientAppUITests;
			sourceTree = "<group>";
		};
/* End PBXFileSystemSynchronizedRootGroup section */

/* Begin PBXFrameworksBuildPhase section */
		687FF4B72E36FD2600192349 /* Frameworks */ = {
			isa = PBXFrameworksBuildPhase;
			buildActionMask = 2147483647;
			files = (
			);
			runOnlyForDeploymentPostprocessing = 0;
		};
		687FF4C42E36FD2800192349 /* Frameworks */ = {
			isa = PBXFrameworksBuildPhase;
			buildActionMask = 2147483647;
			files = (
			);
			runOnlyForDeploymentPostprocessing = 0;
		};
		687FF4CE2E36FD2800192349 /* Frameworks */ = {
			isa = PBXFrameworksBuildPhase;
			buildActionMask = 2147483647;
			files = (
			);
			runOnlyForDeploymentPostprocessing = 0;
		};
/* End PBXFrameworksBuildPhase section */

/* Begin PBXGroup section */
		687FF4B12E36FD2600192349 = {
			isa = PBXGroup;
			children = (
				687FF4BC2E36FD2600192349 /* GitHubClientApp */,
				687FF4CA2E36FD2800192349 /* GitHubClientAppTests */,
				687FF4D42E36FD2800192349 /* GitHubClientAppUITests */,
				687FF4BB2E36FD2600192349 /* Products */,
			);
			sourceTree = "<group>";
		};
		687FF4BB2E36FD2600192349 /* Products */ = {
			isa = PBXGroup;
			children = (
				687FF4BA2E36FD2600192349 /* GitHubClientApp.app */,
				687FF4C72E36FD2800192349 /* GitHubClientAppTests.xctest */,
				687FF4D12E36FD2800192349 /* GitHubClientAppUITests.xctest */,
			);
			name = Products;
			sourceTree = "<group>";
		};
/* End PBXGroup section */

/* Begin PBXNativeTarget section */
		687FF4B92E36FD2600192349 /* GitHubClientApp */ = {
			isa = PBXNativeTarget;
			buildConfigurationList = 687FF4DB2E36FD2800192349 /* Build configuration list for PBXNativeTarget "GitHubClientApp" */;
			buildPhases = (
				687FF4B62E36FD2600192349 /* Sources */,
				687FF4B72E36FD2600192349 /* Frameworks */,
				687FF4B82E36FD2600192349 /* Resources */,
			);
			buildRules = (
			);
			dependencies = (
			);
			fileSystemSynchronizedGroups = (
				687FF4BC2E36FD2600192349 /* GitHubClientApp */,
			);
			name = GitHubClientApp;
			packageProductDependencies = (
			);
			productName = GitHubClientApp;
			productReference = 687FF4BA2E36FD2600192349 /* GitHubClientApp.app */;
			productType = "com.apple.product-type.application";
		};
		687FF4C62E36FD2800192349 /* GitHubClientAppTests */ = {
			isa = PBXNativeTarget;
			buildConfigurationList = 687FF4DE2E36FD2800192349 /* Build configuration list for PBXNativeTarget "GitHubClientAppTests" */;
			buildPhases = (
				687FF4C32E36FD2800192349 /* Sources */,
				687FF4C42E36FD2800192349 /* Frameworks */,
				687FF4C52E36FD2800192349 /* Resources */,
			);
			buildRules = (
			);
			dependencies = (
				687FF4C92E36FD2800192349 /* PBXTargetDependency */,
			);
			fileSystemSynchronizedGroups = (
				687FF4CA2E36FD2800192349 /* GitHubClientAppTests */,
			);
			name = GitHubClientAppTests;
			packageProductDependencies = (
			);
			productName = GitHubClientAppTests;
			productReference = 687FF4C72E36FD2800192349 /* GitHubClientAppTests.xctest */;
			productType = "com.apple.product-type.bundle.unit-test";
		};
		687FF4D02E36FD2800192349 /* GitHubClientAppUITests */ = {
			isa = PBXNativeTarget;
			buildConfigurationList = 687FF4E12E36FD2800192349 /* Build configuration list for PBXNativeTarget "GitHubClientAppUITests" */;
			buildPhases = (
				687FF4CD2E36FD2800192349 /* Sources */,
				687FF4CE2E36FD2800192349 /* Frameworks */,
				687FF4CF2E36FD2800192349 /* Resources */,
			);
			buildRules = (
			);
			dependencies = (
				687FF4D32E36FD2800192349 /* PBXTargetDependency */,
			);
			fileSystemSynchronizedGroups = (
				687FF4D42E36FD2800192349 /* GitHubClientAppUITests */,
			);
			name = GitHubClientAppUITests;
			packageProductDependencies = (
			);
			productName = GitHubClientAppUITests;
			productReference = 687FF4D12E36FD2800192349 /* GitHubClientAppUITests.xctest */;
			productType = "com.apple.product-type.bundle.ui-testing";
		};
/* End PBXNativeTarget section */

/* Begin PBXProject section */
		687FF4B22E36FD2600192349 /* Project object */ = {
			isa = PBXProject;
			attributes = {
				BuildIndependentTargetsInParallel = 1;
				LastSwiftUpdateCheck = 1640;
				LastUpgradeCheck = 1640;
				TargetAttributes = {
					687FF4B92E36FD2600192349 = {
						CreatedOnToolsVersion = 16.4;
					};
					687FF4C62E36FD2800192349 = {
						CreatedOnToolsVersion = 16.4;
						TestTargetID = 687FF4B92E36FD2600192349;
					};
					687FF4D02E36FD2800192349 = {
						CreatedOnToolsVersion = 16.4;
						TestTargetID = 687FF4B92E36FD2600192349;
					};
				};
			};
			buildConfigurationList = 687FF4B52E36FD2600192349 /* Build configuration list for PBXProject "GitHubClientApp" */;
			developmentRegion = en;
			hasScannedForEncodings = 0;
			knownRegions = (
				en,
				Base,
			);
			mainGroup = 687FF4B12E36FD2600192349;
			minimizedProjectReferenceProxies = 1;
			preferredProjectObjectVersion = 77;
			productRefGroup = 687FF4BB2E36FD2600192349 /* Products */;
			projectDirPath = "";
			projectRoot = "";
			targets = (
				687FF4B92E36FD2600192349 /* GitHubClientApp */,
				687FF4C62E36FD2800192349 /* GitHubClientAppTests */,
				687FF4D02E36FD2800192349 /* GitHubClientAppUITests */,
			);
		};
/* End PBXProject section */

/* Begin PBXResourcesBuildPhase section */
		687FF4B82E36FD2600192349 /* Resources */ = {
			isa = PBXResourcesBuildPhase;
			buildActionMask = 2147483647;
			files = (
			);
			runOnlyForDeploymentPostprocessing = 0;
		};
		687FF4C52E36FD2800192349 /* Resources */ = {
			isa = PBXResourcesBuildPhase;
			buildActionMask = 2147483647;
			files = (
			);
			runOnlyForDeploymentPostprocessing = 0;
		};
		687FF4CF2E36FD2800192349 /* Resources */ = {
			isa = PBXResourcesBuildPhase;
			buildActionMask = 2147483647;
			files = (
			);
			runOnlyForDeploymentPostprocessing = 0;
		};
/* End PBXResourcesBuildPhase section */

/* Begin PBXSourcesBuildPhase section */
		687FF4B62E36FD2600192349 /* Sources */ = {
			isa = PBXSourcesBuildPhase;
			buildActionMask = 2147483647;
			files = (
			);
			runOnlyForDeploymentPostprocessing = 0;
		};
		687FF4C32E36FD2800192349 /* Sources */ = {
			isa = PBXSourcesBuildPhase;
			buildActionMask = 2147483647;
			files = (
			);
			runOnlyForDeploymentPostprocessing = 0;
		};
		687FF4CD2E36FD2800192349 /* Sources */ = {
			isa = PBXSourcesBuildPhase;
			buildActionMask = 2147483647;
			files = (
			);
			runOnlyForDeploymentPostprocessing = 0;
		};
/* End PBXSourcesBuildPhase section */

/* Begin PBXTargetDependency section */
		687FF4C92E36FD2800192349 /* PBXTargetDependency */ = {
			isa = PBXTargetDependency;
			target = 687FF4B92E36FD2600192349 /* GitHubClientApp */;
			targetProxy = 687FF4C82E36FD2800192349 /* PBXContainerItemProxy */;
		};
		687FF4D32E36FD2800192349 /* PBXTargetDependency */ = {
			isa = PBXTargetDependency;
			target = 687FF4B92E36FD2600192349 /* GitHubClientApp */;
			targetProxy = 687FF4D22E36FD2800192349 /* PBXContainerItemProxy */;
		};
/* End PBXTargetDependency section */

/* Begin XCBuildConfiguration section */
		687FF4D92E36FD2800192349 /* Debug */ = {
			isa = XCBuildConfiguration;
			buildSettings = {
				ALWAYS_SEARCH_USER_PATHS = NO;
				ASSETCATALOG_COMPILER_GENERATE_SWIFT_ASSET_SYMBOL_EXTENSIONS = YES;
				CLANG_ANALYZER_NONNULL = YES;
				CLANG_ANALYZER_NUMBER_OBJECT_CONVERSION = YES_AGGRESSIVE;
				CLANG_CXX_LANGUAGE_STANDARD = "gnu++20";
				CLANG_ENABLE_MODULES = YES;
				CLANG_ENABLE_OBJC_ARC = YES;
				CLANG_ENABLE_OBJC_WEAK = YES;
				CLANG_WARN_BLOCK_CAPTURE_AUTORELEASING = YES;
				CLANG_WARN_BOOL_CONVERSION = YES;
				CLANG_WARN_COMMA = YES;
				CLANG_WARN_CONSTANT_CONVERSION = YES;
				CLANG_WARN_DEPRECATED_OBJC_IMPLEMENTATIONS = YES;
				CLANG_WARN_DIRECT_OBJC_ISA_USAGE = YES_ERROR;
				CLANG_WARN_DOCUMENTATION_COMMENTS = YES;
				CLANG_WARN_EMPTY_BODY = YES;
				CLANG_WARN_ENUM_CONVERSION = YES;
				CLANG_WARN_INFINITE_RECURSION = YES;
				CLANG_WARN_INT_CONVERSION = YES;
				CLANG_WARN_NON_LITERAL_NULL_CONVERSION = YES;
				CLANG_WARN_OBJC_IMPLICIT_RETAIN_SELF = YES;
				CLANG_WARN_OBJC_LITERAL_CONVERSION = YES;
				CLANG_WARN_OBJC_ROOT_CLASS = YES_ERROR;
				CLANG_WARN_QUOTED_INCLUDE_IN_FRAMEWORK_HEADER = YES;
				CLANG_WARN_RANGE_LOOP_ANALYSIS = YES;
				CLANG_WARN_STRICT_PROTOTYPES = YES;
				CLANG_WARN_SUSPICIOUS_MOVE = YES;
				CLANG_WARN_UNGUARDED_AVAILABILITY = YES_AGGRESSIVE;
				CLANG_WARN_UNREACHABLE_CODE = YES;
				CLANG_WARN__DUPLICATE_METHOD_MATCH = YES;
				COPY_PHASE_STRIP = NO;
				DEBUG_INFORMATION_FORMAT = dwarf;
				ENABLE_STRICT_OBJC_MSGSEND = YES;
				ENABLE_TESTABILITY = YES;
				ENABLE_USER_SCRIPT_SANDBOXING = YES;
				GCC_C_LANGUAGE_STANDARD = gnu17;
				GCC_DYNAMIC_NO_PIC = NO;
				GCC_NO_COMMON_BLOCKS = YES;
				GCC_OPTIMIZATION_LEVEL = 0;
				GCC_PREPROCESSOR_DEFINITIONS = (
					"DEBUG=1",
					"$(inherited)",
				);
				GCC_WARN_64_TO_32_BIT_CONVERSION = YES;
				GCC_WARN_ABOUT_RETURN_TYPE = YES_ERROR;
				GCC_WARN_UNDECLARED_SELECTOR = YES;
				GCC_WARN_UNINITIALIZED_AUTOS = YES_AGGRESSIVE;
				GCC_WARN_UNUSED_FUNCTION = YES;
				GCC_WARN_UNUSED_VARIABLE = YES;
				IPHONEOS_DEPLOYMENT_TARGET = 18.5;
				LOCALIZATION_PREFERS_STRING_CATALOGS = YES;
				MTL_ENABLE_DEBUG_INFO = INCLUDE_SOURCE;
				MTL_FAST_MATH = YES;
				ONLY_ACTIVE_ARCH = YES;
				SDKROOT = iphoneos;
				SWIFT_ACTIVE_COMPILATION_CONDITIONS = "DEBUG $(inherited)";
				SWIFT_OPTIMIZATION_LEVEL = "-Onone";
			};
			name = Debug;
		};
		687FF4DA2E36FD2800192349 /* Release */ = {
			isa = XCBuildConfiguration;
			buildSettings = {
				ALWAYS_SEARCH_USER_PATHS = NO;
				ASSETCATALOG_COMPILER_GENERATE_SWIFT_ASSET_SYMBOL_EXTENSIONS = YES;
				CLANG_ANALYZER_NONNULL = YES;
				CLANG_ANALYZER_NUMBER_OBJECT_CONVERSION = YES_AGGRESSIVE;
				CLANG_CXX_LANGUAGE_STANDARD = "gnu++20";
				CLANG_ENABLE_MODULES = YES;
				CLANG_ENABLE_OBJC_ARC = YES;
				CLANG_ENABLE_OBJC_WEAK = YES;
				CLANG_WARN_BLOCK_CAPTURE_AUTORELEASING = YES;
				CLANG_WARN_BOOL_CONVERSION = YES;
				CLANG_WARN_COMMA = YES;
				CLANG_WARN_CONSTANT_CONVERSION = YES;
				CLANG_WARN_DEPRECATED_OBJC_IMPLEMENTATIONS = YES;
				CLANG_WARN_DIRECT_OBJC_ISA_USAGE = YES_ERROR;
				CLANG_WARN_DOCUMENTATION_COMMENTS = YES;
				CLANG_WARN_EMPTY_BODY = YES;
				CLANG_WARN_ENUM_CONVERSION = YES;
				CLANG_WARN_INFINITE_RECURSION = YES;
				CLANG_WARN_INT_CONVERSION = YES;
				CLANG_WARN_NON_LITERAL_NULL_CONVERSION = YES;
				CLANG_WARN_OBJC_IMPLICIT_RETAIN_SELF = YES;
				CLANG_WARN_OBJC_LITERAL_CONVERSION = YES;
				CLANG_WARN_OBJC_ROOT_CLASS = YES_ERROR;
				CLANG_WARN_QUOTED_INCLUDE_IN_FRAMEWORK_HEADER = YES;
				CLANG_WARN_RANGE_LOOP_ANALYSIS = YES;
				CLANG_WARN_STRICT_PROTOTYPES = YES;
				CLANG_WARN_SUSPICIOUS_MOVE = YES;
				CLANG_WARN_UNGUARDED_AVAILABILITY = YES_AGGRESSIVE;
				CLANG_WARN_UNREACHABLE_CODE = YES;
				CLANG_WARN__DUPLICATE_METHOD_MATCH = YES;
				COPY_PHASE_STRIP = NO;
				DEBUG_INFORMATION_FORMAT = "dwarf-with-dsym";
				ENABLE_NS_ASSERTIONS = NO;
				ENABLE_STRICT_OBJC_MSGSEND = YES;
				ENABLE_USER_SCRIPT_SANDBOXING = YES;
				GCC_C_LANGUAGE_STANDARD = gnu17;
				GCC_NO_COMMON_BLOCKS = YES;
				GCC_WARN_64_TO_32_BIT_CONVERSION = YES;
				GCC_WARN_ABOUT_RETURN_TYPE = YES_ERROR;
				GCC_WARN_UNDECLARED_SELECTOR = YES;
				GCC_WARN_UNINITIALIZED_AUTOS = YES_AGGRESSIVE;
				GCC_WARN_UNUSED_FUNCTION = YES;
				GCC_WARN_UNUSED_VARIABLE = YES;
				IPHONEOS_DEPLOYMENT_TARGET = 18.5;
				LOCALIZATION_PREFERS_STRING_CATALOGS = YES;
				MTL_ENABLE_DEBUG_INFO = NO;
				MTL_FAST_MATH = YES;
				SDKROOT = iphoneos;
				SWIFT_COMPILATION_MODE = wholemodule;
				VALIDATE_PRODUCT = YES;
			};
			name = Release;
		};
		687FF4DC2E36FD2800192349 /* Debug */ = {
			isa = XCBuildConfiguration;
			buildSettings = {
				ASSETCATALOG_COMPILER_APPICON_NAME = AppIcon;
				ASSETCATALOG_COMPILER_GLOBAL_ACCENT_COLOR_NAME = AccentColor;
				CODE_SIGN_STYLE = Automatic;
				CURRENT_PROJECT_VERSION = 1;
				ENABLE_PREVIEWS = YES;
				GENERATE_INFOPLIST_FILE = YES;
				INFOPLIST_KEY_UIApplicationSceneManifest_Generation = YES;
				INFOPLIST_KEY_UIApplicationSupportsIndirectInputEvents = YES;
				INFOPLIST_KEY_UILaunchScreen_Generation = YES;
				INFOPLIST_KEY_UISupportedInterfaceOrientations_iPad = "UIInterfaceOrientationPortrait UIInterfaceOrientationPortraitUpsideDown UIInterfaceOrientationLandscapeLeft UIInterfaceOrientationLandscapeRight";
				INFOPLIST_KEY_UISupportedInterfaceOrientations_iPhone = "UIInterfaceOrientationPortrait UIInterfaceOrientationLandscapeLeft UIInterfaceOrientationLandscapeRight";
				LD_RUNPATH_SEARCH_PATHS = (
					"$(inherited)",
					"@executable_path/Frameworks",
				);
				MARKETING_VERSION = 1.0;
				PRODUCT_BUNDLE_IDENTIFIER = self.elvis.assignment.GitHubClientApp;
				PRODUCT_NAME = "$(TARGET_NAME)";
				SWIFT_EMIT_LOC_STRINGS = YES;
				SWIFT_VERSION = 5.0;
				TARGETED_DEVICE_FAMILY = "1,2";
			};
			name = Debug;
		};
		687FF4DD2E36FD2800192349 /* Release */ = {
			isa = XCBuildConfiguration;
			buildSettings = {
				ASSETCATALOG_COMPILER_APPICON_NAME = AppIcon;
				ASSETCATALOG_COMPILER_GLOBAL_ACCENT_COLOR_NAME = AccentColor;
				CODE_SIGN_STYLE = Automatic;
				CURRENT_PROJECT_VERSION = 1;
				ENABLE_PREVIEWS = YES;
				GENERATE_INFOPLIST_FILE = YES;
				INFOPLIST_KEY_UIApplicationSceneManifest_Generation = YES;
				INFOPLIST_KEY_UIApplicationSupportsIndirectInputEvents = YES;
				INFOPLIST_KEY_UILaunchScreen_Generation = YES;
				INFOPLIST_KEY_UISupportedInterfaceOrientations_iPad = "UIInterfaceOrientationPortrait UIInterfaceOrientationPortraitUpsideDown UIInterfaceOrientationLandscapeLeft UIInterfaceOrientationLandscapeRight";
				INFOPLIST_KEY_UISupportedInterfaceOrientations_iPhone = "UIInterfaceOrientationPortrait UIInterfaceOrientationLandscapeLeft UIInterfaceOrientationLandscapeRight";
				LD_RUNPATH_SEARCH_PATHS = (
					"$(inherited)",
					"@executable_path/Frameworks",
				);
				MARKETING_VERSION = 1.0;
				PRODUCT_BUNDLE_IDENTIFIER = self.elvis.assignment.GitHubClientApp;
				PRODUCT_NAME = "$(TARGET_NAME)";
				SWIFT_EMIT_LOC_STRINGS = YES;
				SWIFT_VERSION = 5.0;
				TARGETED_DEVICE_FAMILY = "1,2";
			};
			name = Release;
		};
		687FF4DF2E36FD2800192349 /* Debug */ = {
			isa = XCBuildConfiguration;
			buildSettings = {
				BUNDLE_LOADER = "$(TEST_HOST)";
				CODE_SIGN_STYLE = Automatic;
				CURRENT_PROJECT_VERSION = 1;
				GENERATE_INFOPLIST_FILE = YES;
				IPHONEOS_DEPLOYMENT_TARGET = 18.5;
				MARKETING_VERSION = 1.0;
				PRODUCT_BUNDLE_IDENTIFIER = self.elvis.assignment.GitHubClientAppTests;
				PRODUCT_NAME = "$(TARGET_NAME)";
				SWIFT_EMIT_LOC_STRINGS = NO;
				SWIFT_VERSION = 5.0;
				TARGETED_DEVICE_FAMILY = "1,2";
				TEST_HOST = "$(BUILT_PRODUCTS_DIR)/GitHubClientApp.app/$(BUNDLE_EXECUTABLE_FOLDER_PATH)/GitHubClientApp";
			};
			name = Debug;
		};
		687FF4E02E36FD2800192349 /* Release */ = {
			isa = XCBuildConfiguration;
			buildSettings = {
				BUNDLE_LOADER = "$(TEST_HOST)";
				CODE_SIGN_STYLE = Automatic;
				CURRENT_PROJECT_VERSION = 1;
				GENERATE_INFOPLIST_FILE = YES;
				IPHONEOS_DEPLOYMENT_TARGET = 18.5;
				MARKETING_VERSION = 1.0;
				PRODUCT_BUNDLE_IDENTIFIER = self.elvis.assignment.GitHubClientAppTests;
				PRODUCT_NAME = "$(TARGET_NAME)";
				SWIFT_EMIT_LOC_STRINGS = NO;
				SWIFT_VERSION = 5.0;
				TARGETED_DEVICE_FAMILY = "1,2";
				TEST_HOST = "$(BUILT_PRODUCTS_DIR)/GitHubClientApp.app/$(BUNDLE_EXECUTABLE_FOLDER_PATH)/GitHubClientApp";
			};
			name = Release;
		};
		687FF4E22E36FD2800192349 /* Debug */ = {
			isa = XCBuildConfiguration;
			buildSettings = {
				CODE_SIGN_STYLE = Automatic;
				CURRENT_PROJECT_VERSION = 1;
				GENERATE_INFOPLIST_FILE = YES;
				MARKETING_VERSION = 1.0;
				PRODUCT_BUNDLE_IDENTIFIER = self.elvis.assignment.GitHubClientAppUITests;
				PRODUCT_NAME = "$(TARGET_NAME)";
				SWIFT_EMIT_LOC_STRINGS = NO;
				SWIFT_VERSION = 5.0;
				TARGETED_DEVICE_FAMILY = "1,2";
				TEST_TARGET_NAME = GitHubClientApp;
			};
			name = Debug;
		};
		687FF4E32E36FD2800192349 /* Release */ = {
			isa = XCBuildConfiguration;
			buildSettings = {
				CODE_SIGN_STYLE = Automatic;
				CURRENT_PROJECT_VERSION = 1;
				GENERATE_INFOPLIST_FILE = YES;
				MARKETING_VERSION = 1.0;
				PRODUCT_BUNDLE_IDENTIFIER = self.elvis.assignment.GitHubClientAppUITests;
				PRODUCT_NAME = "$(TARGET_NAME)";
				SWIFT_EMIT_LOC_STRINGS = NO;
				SWIFT_VERSION = 5.0;
				TARGETED_DEVICE_FAMILY = "1,2";
				TEST_TARGET_NAME = GitHubClientApp;
			};
			name = Release;
		};
/* End XCBuildConfiguration section */

/* Begin XCConfigurationList section */
		687FF4B52E36FD2600192349 /* Build configuration list for PBXProject "GitHubClientApp" */ = {
			isa = XCConfigurationList;
			buildConfigurations = (
				687FF4D92E36FD2800192349 /* Debug */,
				687FF4DA2E36FD2800192349 /* Release */,
			);
			defaultConfigurationIsVisible = 0;
			defaultConfigurationName = Release;
		};
		687FF4DB2E36FD2800192349 /* Build configuration list for PBXNativeTarget "GitHubClientApp" */ = {
			isa = XCConfigurationList;
			buildConfigurations = (
				687FF4DC2E36FD2800192349 /* Debug */,
				687FF4DD2E36FD2800192349 /* Release */,
			);
			defaultConfigurationIsVisible = 0;
			defaultConfigurationName = Release;
		};
		687FF4DE2E36FD2800192349 /* Build configuration list for PBXNativeTarget "GitHubClientAppTests" */ = {
			isa = XCConfigurationList;
			buildConfigurations = (
				687FF4DF2E36FD2800192349 /* Debug */,
				687FF4E02E36FD2800192349 /* Release */,
			);
			defaultConfigurationIsVisible = 0;
			defaultConfigurationName = Release;
		};
		687FF4E12E36FD2800192349 /* Build configuration list for PBXNativeTarget "GitHubClientAppUITests" */ = {
			isa = XCConfigurationList;
			buildConfigurations = (
				687FF4E22E36FD2800192349 /* Debug */,
				687FF4E32E36FD2800192349 /* Release */,
			);
			defaultConfigurationIsVisible = 0;
			defaultConfigurationName = Release;
		};
/* End XCConfigurationList section */
	};
	rootObject = 687FF4B22E36FD2600192349 /* Project object */;
}
